
Microsoft Visual Studio Solution File, Format Version 12.00
# Visual Studio Version 17
VisualStudioVersion = 17.3.32901.215
MinimumVisualStudioVersion = 10.0.40219.1
Project("{9A19103F-16F7-4668-BE54-9A1E7A4F7556}") = "Domain", "Domain\Domain.csproj", "{DA01C2B9-22C8-47E5-AF1E-7A8B5808F686}"
EndProject
Project("{9A19103F-16F7-4668-BE54-9A1E7A4F7556}") = "DAL", "DAL\DAL.csproj", "{772DAF33-0F8E-4B41-991A-11362F699472}"
EndProject
Project("{9A19103F-16F7-4668-BE54-9A1E7A4F7556}") = "Domain.Tests.Unit", "Domain.Tests.Unit\Domain.Tests.Unit.csproj", "{91F81AFA-E7C9-4FF3-82C2-3B1D79BCE91D}"
EndProject
Project("{9A19103F-16F7-4668-BE54-9A1E7A4F7556}") = "DAL.Tests.Integration", "DAL.Tests.Integration\DAL.Tests.Integration.csproj", "{21CFC949-5FC2-4C88-84AF-755EB893A195}"
EndProject
Project("{9A19103F-16F7-4668-BE54-9A1E7A4F7556}") = "Main", "Main\Main.csproj", "{41298976-E40D-4981-958C-6B9424AB50E5}"
EndProject
Project("{9A19103F-16F7-4668-BE54-9A1E7A4F7556}") = "Api", "Api\Api.csproj", "{1DED11E7-E900-4FDA-801E-2DBF162B3FF3}"
EndProject
Project("{FAE04EC0-301F-11D3-BF4B-00C04F79EFBC}") = "Api.Tests.Unit", "Api.Tests.Unit\Api.Tests.Unit.csproj", "{CF62A3F1-2353-4652-8F7A-9B815B853723}"
EndProject
Global
	GlobalSection(SolutionConfigurationPlatforms) = preSolution
		Debug|Any CPU = Debug|Any CPU
		Release|Any CPU = Release|Any CPU
	EndGlobalSection
	GlobalSection(ProjectConfigurationPlatforms) = postSolution
		{DA01C2B9-22C8-47E5-AF1E-7A8B5808F686}.Debug|Any CPU.ActiveCfg = Debug|Any CPU
		{DA01C2B9-22C8-47E5-AF1E-7A8B5808F686}.Debug|Any CPU.Build.0 = Debug|Any CPU
		{DA01C2B9-22C8-47E5-AF1E-7A8B5808F686}.Release|Any CPU.ActiveCfg = Release|Any CPU
		{DA01C2B9-22C8-47E5-AF1E-7A8B5808F686}.Release|Any CPU.Build.0 = Release|Any CPU
		{772DAF33-0F8E-4B41-991A-11362F699472}.Debug|Any CPU.ActiveCfg = Debug|Any CPU
		{772DAF33-0F8E-4B41-991A-11362F699472}.Debug|Any CPU.Build.0 = Debug|Any CPU
		{772DAF33-0F8E-4B41-991A-11362F699472}.Release|Any CPU.ActiveCfg = Release|Any CPU
		{772DAF33-0F8E-4B41-991A-11362F699472}.Release|Any CPU.Build.0 = Release|Any CPU
		{91F81AFA-E7C9-4FF3-82C2-3B1D79BCE91D}.Debug|Any CPU.ActiveCfg = Debug|Any CPU
		{91F81AFA-E7C9-4FF3-82C2-3B1D79BCE91D}.Debug|Any CPU.Build.0 = Debug|Any CPU
		{91F81AFA-E7C9-4FF3-82C2-3B1D79BCE91D}.Release|Any CPU.ActiveCfg = Release|Any CPU
		{91F81AFA-E7C9-4FF3-82C2-3B1D79BCE91D}.Release|Any CPU.Build.0 = Release|Any CPU
		{21CFC949-5FC2-4C88-84AF-755EB893A195}.Debug|Any CPU.ActiveCfg = Debug|Any CPU
		{21CFC949-5FC2-4C88-84AF-755EB893A195}.Debug|Any CPU.Build.0 = Debug|Any CPU
		{21CFC949-5FC2-4C88-84AF-755EB893A195}.Release|Any CPU.ActiveCfg = Release|Any CPU
		{21CFC949-5FC2-4C88-84AF-755EB893A195}.Release|Any CPU.Build.0 = Release|Any CPU
		{41298976-E40D-4981-958C-6B9424AB50E5}.Debug|Any CPU.ActiveCfg = Debug|Any CPU
		{41298976-E40D-4981-958C-6B9424AB50E5}.Debug|Any CPU.Build.0 = Debug|Any CPU
		{41298976-E40D-4981-958C-6B9424AB50E5}.Release|Any CPU.ActiveCfg = Release|Any CPU
		{41298976-E40D-4981-958C-6B9424AB50E5}.Release|Any CPU.Build.0 = Release|Any CPU
		{1DED11E7-E900-4FDA-801E-2DBF162B3FF3}.Debug|Any CPU.ActiveCfg = Debug|Any CPU
		{1DED11E7-E900-4FDA-801E-2DBF162B3FF3}.Debug|Any CPU.Build.0 = Debug|Any CPU
		{1DED11E7-E900-4FDA-801E-2DBF162B3FF3}.Release|Any CPU.ActiveCfg = Release|Any CPU
		{1DED11E7-E900-4FDA-801E-2DBF162B3FF3}.Release|Any CPU.Build.0 = Release|Any CPU
		{CF62A3F1-2353-4652-8F7A-9B815B853723}.Debug|Any CPU.ActiveCfg = Debug|Any CPU
		{CF62A3F1-2353-4652-8F7A-9B815B853723}.Debug|Any CPU.Build.0 = Debug|Any CPU
		{CF62A3F1-2353-4652-8F7A-9B815B853723}.Release|Any CPU.ActiveCfg = Release|Any CPU
		{CF62A3F1-2353-4652-8F7A-9B815B853723}.Release|Any CPU.Build.0 = Release|Any CPU
	EndGlobalSection
	GlobalSection(SolutionProperties) = preSolution
		HideSolutionNode = FALSE
	EndGlobalSection
	GlobalSection(ExtensibilityGlobals) = postSolution
		SolutionGuid = {3DC99470-5BF5-4008-8FAA-8F525869D173}
	EndGlobalSection
EndGlobal
