
Microsoft Visual Studio Solution File, Format Version 12.00
# Visual Studio Version 17
VisualStudioVersion = 17.3.32929.385
MinimumVisualStudioVersion = 10.0.40219.1
Project("{FAE04EC0-301F-11D3-BF4B-00C04F79EFBC}") = "Domain", "CatalogService\Domain.csproj", "{438339A4-AF5F-4446-BB5C-F831166A0C04}"
EndProject
Project("{FAE04EC0-301F-11D3-BF4B-00C04F79EFBC}") = "Infrastructure.Sql", "Infrastructure.Sql\Infrastructure.Sql.csproj", "{850185F2-EA1F-4F4C-B746-FBC21090749C}"
EndProject
Global
	GlobalSection(SolutionConfigurationPlatforms) = preSolution
		Debug|Any CPU = Debug|Any CPU
		Release|Any CPU = Release|Any CPU
	EndGlobalSection
	GlobalSection(ProjectConfigurationPlatforms) = postSolution
		{438339A4-AF5F-4446-BB5C-F831166A0C04}.Debug|Any CPU.ActiveCfg = Debug|Any CPU
		{438339A4-AF5F-4446-BB5C-F831166A0C04}.Debug|Any CPU.Build.0 = Debug|Any CPU
		{438339A4-AF5F-4446-BB5C-F831166A0C04}.Release|Any CPU.ActiveCfg = Release|Any CPU
		{438339A4-AF5F-4446-BB5C-F831166A0C04}.Release|Any CPU.Build.0 = Release|Any CPU
		{850185F2-EA1F-4F4C-B746-FBC21090749C}.Debug|Any CPU.ActiveCfg = Debug|Any CPU
		{850185F2-EA1F-4F4C-B746-FBC21090749C}.Debug|Any CPU.Build.0 = Debug|Any CPU
		{850185F2-EA1F-4F4C-B746-FBC21090749C}.Release|Any CPU.ActiveCfg = Release|Any CPU
		{850185F2-EA1F-4F4C-B746-FBC21090749C}.Release|Any CPU.Build.0 = Release|Any CPU
	EndGlobalSection
	GlobalSection(SolutionProperties) = preSolution
		HideSolutionNode = FALSE
	EndGlobalSection
	GlobalSection(ExtensibilityGlobals) = postSolution
		SolutionGuid = {B086F5AD-269E-4984-9320-F1C627689C7A}
	EndGlobalSection
EndGlobal
